
Microsoft Visual Studio Solution File, Format Version 12.00
# Visual Studio Version 17
VisualStudioVersion = 17.14.36518.9 d17.14
MinimumVisualStudioVersion = 10.0.40219.1
Project("{FAE04EC0-301F-11D3-BF4B-00C04F79EFBC}") = "18DH110115_LTW", "18DH110115_LTW\18DH110115_LTW.csproj", "{365E197B-826B-4D0B-9865-F9A2FB1F6CE0}"
EndProject
Global
	GlobalSection(SolutionConfigurationPlatforms) = preSolution
		Debug|Any CPU = Debug|Any CPU
		Release|Any CPU = Release|Any CPU
	EndGlobalSection
	GlobalSection(ProjectConfigurationPlatforms) = postSolution
		{365E197B-826B-4D0B-9865-F9A2FB1F6CE0}.Debug|Any CPU.ActiveCfg = Debug|Any CPU
		{365E197B-826B-4D0B-9865-F9A2FB1F6CE0}.Debug|Any CPU.Build.0 = Debug|Any CPU
		{365E197B-826B-4D0B-9865-F9A2FB1F6CE0}.Release|Any CPU.ActiveCfg = Release|Any CPU
		{365E197B-826B-4D0B-9865-F9A2FB1F6CE0}.Release|Any CPU.Build.0 = Release|Any CPU
	EndGlobalSection
	GlobalSection(SolutionProperties) = preSolution
		HideSolutionNode = FALSE
	EndGlobalSection
	GlobalSection(ExtensibilityGlobals) = postSolution
		SolutionGuid = {1954DB70-5342-4A75-80D8-332DF3E026B8}
	EndGlobalSection
EndGlobal
